
Microsoft Visual Studio Solution File, Format Version 12.00
# Visual Studio Version 17
VisualStudioVersion = 17.5.002.0
MinimumVisualStudioVersion = 10.0.40219.1
Project("{9A19103F-16F7-4668-BE54-9A1E7A4F7556}") = "PlantScheduler", "PlantScheduler.csproj", "{528E1F15-0F73-4CFA-9B53-9A0262DF6DFA}"
EndProject
Global
	GlobalSection(SolutionConfigurationPlatforms) = preSolution
		Debug|Any CPU = Debug|Any CPU
		Release|Any CPU = Release|Any CPU
	EndGlobalSection
	GlobalSection(ProjectConfigurationPlatforms) = postSolution
		{528E1F15-0F73-4CFA-9B53-9A0262DF6DFA}.Debug|Any CPU.ActiveCfg = Debug|Any CPU
		{528E1F15-0F73-4CFA-9B53-9A0262DF6DFA}.Debug|Any CPU.Build.0 = Debug|Any CPU
		{528E1F15-0F73-4CFA-9B53-9A0262DF6DFA}.Release|Any CPU.ActiveCfg = Release|Any CPU
		{528E1F15-0F73-4CFA-9B53-9A0262DF6DFA}.Release|Any CPU.Build.0 = Release|Any CPU
	EndGlobalSection
	GlobalSection(SolutionProperties) = preSolution
		HideSolutionNode = FALSE
	EndGlobalSection
	GlobalSection(ExtensibilityGlobals) = postSolution
		SolutionGuid = {FFF6C506-3E33-4F47-BEA2-829AB98DA173}
	EndGlobalSection
EndGlobal
